
Microsoft Visual Studio Solution File, Format Version 12.00
# Visual Studio 15
VisualStudioVersion = 15.0.28307.329
MinimumVisualStudioVersion = 10.0.40219.1
Project("{2150E333-8FDC-42A3-9474-1A3956D46DE8}") = "1-Apresentacao", "1-Apresentacao", "{A7B2F2F6-5BF0-4418-BA2A-9FBEA20A7086}"
EndProject
Project("{2150E333-8FDC-42A3-9474-1A3956D46DE8}") = "2-Servico", "2-Servico", "{77474FA7-3010-4774-AD37-28105B68DEE0}"
EndProject
Project("{2150E333-8FDC-42A3-9474-1A3956D46DE8}") = "3-Aplicacao", "3-Aplicacao", "{FAA5AD24-1BF4-496D-93CE-41A762838A6E}"
EndProject
Project("{2150E333-8FDC-42A3-9474-1A3956D46DE8}") = "4-Dominio", "4-Dominio", "{A95E4C1C-4D7E-449C-9A51-85278FC07A4E}"
EndProject
Project("{2150E333-8FDC-42A3-9474-1A3956D46DE8}") = "5-Infra", "5-Infra", "{A0EF7C58-D579-424B-8C9C-792CD2B95AB5}"
EndProject
Project("{FAE04EC0-301F-11D3-BF4B-00C04F79EFBC}") = "PetFinder.Domain", "PetFinder.Domain\PetFinder.Domain.csproj", "{B67DEA62-859E-44BC-A841-3F35D17D5E77}"
EndProject
Project("{2150E333-8FDC-42A3-9474-1A3956D46DE8}") = "5.1-Data", "5.1-Data", "{1030BD3D-F01C-4A1E-8DF4-138F2463F3DB}"
EndProject
Project("{FAE04EC0-301F-11D3-BF4B-00C04F79EFBC}") = "PetFinder.Data", "PetFinder.Data\PetFinder.Data.csproj", "{76EE9EED-DCBF-4451-A17A-20C34384C67B}"
EndProject
Project("{FAE04EC0-301F-11D3-BF4B-00C04F79EFBC}") = "PetFinder.Application", "PetFinder.Application\PetFinder.Application.csproj", "{22A07304-B5D5-47CC-98BE-2B46C9C02C46}"
EndProject
Project("{FAE04EC0-301F-11D3-BF4B-00C04F79EFBC}") = "PetFinder.Web", "PetFinder.Web\PetFinder.Web.csproj", "{9808A95E-9393-430F-8D63-DA0E0C5297D9}"
EndProject
Project("{FAE04EC0-301F-11D3-BF4B-00C04F79EFBC}") = "PetFinder.Teste", "PetFinder.Teste\PetFinder.Teste.csproj", "{1498DB6D-C829-45FD-BEFF-F30F9EA3405C}"
EndProject
Project("{2150E333-8FDC-42A3-9474-1A3956D46DE8}") = "5.2- CrossCutting", "5.2- CrossCutting", "{8125FE5A-4A7F-4269-B628-85FC60893F87}"
EndProject
Project("{FAE04EC0-301F-11D3-BF4B-00C04F79EFBC}") = "PetFinder.CrossCutting.IoC", "PetFinder.CrossCutting.IoC\PetFinder.CrossCutting.IoC.csproj", "{E8402E1C-F085-4ED2-9195-65D2DD2F7A6B}"
EndProject
Global
	GlobalSection(SolutionConfigurationPlatforms) = preSolution
		Debug|Any CPU = Debug|Any CPU
		Release|Any CPU = Release|Any CPU
	EndGlobalSection
	GlobalSection(ProjectConfigurationPlatforms) = postSolution
		{B67DEA62-859E-44BC-A841-3F35D17D5E77}.Debug|Any CPU.ActiveCfg = Debug|Any CPU
		{B67DEA62-859E-44BC-A841-3F35D17D5E77}.Debug|Any CPU.Build.0 = Debug|Any CPU
		{B67DEA62-859E-44BC-A841-3F35D17D5E77}.Release|Any CPU.ActiveCfg = Release|Any CPU
		{B67DEA62-859E-44BC-A841-3F35D17D5E77}.Release|Any CPU.Build.0 = Release|Any CPU
		{76EE9EED-DCBF-4451-A17A-20C34384C67B}.Debug|Any CPU.ActiveCfg = Debug|Any CPU
		{76EE9EED-DCBF-4451-A17A-20C34384C67B}.Debug|Any CPU.Build.0 = Debug|Any CPU
		{76EE9EED-DCBF-4451-A17A-20C34384C67B}.Release|Any CPU.ActiveCfg = Release|Any CPU
		{76EE9EED-DCBF-4451-A17A-20C34384C67B}.Release|Any CPU.Build.0 = Release|Any CPU
		{22A07304-B5D5-47CC-98BE-2B46C9C02C46}.Debug|Any CPU.ActiveCfg = Debug|Any CPU
		{22A07304-B5D5-47CC-98BE-2B46C9C02C46}.Debug|Any CPU.Build.0 = Debug|Any CPU
		{22A07304-B5D5-47CC-98BE-2B46C9C02C46}.Release|Any CPU.ActiveCfg = Release|Any CPU
		{22A07304-B5D5-47CC-98BE-2B46C9C02C46}.Release|Any CPU.Build.0 = Release|Any CPU
		{9808A95E-9393-430F-8D63-DA0E0C5297D9}.Debug|Any CPU.ActiveCfg = Debug|Any CPU
		{9808A95E-9393-430F-8D63-DA0E0C5297D9}.Debug|Any CPU.Build.0 = Debug|Any CPU
		{9808A95E-9393-430F-8D63-DA0E0C5297D9}.Release|Any CPU.ActiveCfg = Release|Any CPU
		{9808A95E-9393-430F-8D63-DA0E0C5297D9}.Release|Any CPU.Build.0 = Release|Any CPU
		{1498DB6D-C829-45FD-BEFF-F30F9EA3405C}.Debug|Any CPU.ActiveCfg = Debug|Any CPU
		{1498DB6D-C829-45FD-BEFF-F30F9EA3405C}.Debug|Any CPU.Build.0 = Debug|Any CPU
		{1498DB6D-C829-45FD-BEFF-F30F9EA3405C}.Release|Any CPU.ActiveCfg = Release|Any CPU
		{1498DB6D-C829-45FD-BEFF-F30F9EA3405C}.Release|Any CPU.Build.0 = Release|Any CPU
		{E8402E1C-F085-4ED2-9195-65D2DD2F7A6B}.Debug|Any CPU.ActiveCfg = Debug|Any CPU
		{E8402E1C-F085-4ED2-9195-65D2DD2F7A6B}.Debug|Any CPU.Build.0 = Debug|Any CPU
		{E8402E1C-F085-4ED2-9195-65D2DD2F7A6B}.Release|Any CPU.ActiveCfg = Release|Any CPU
		{E8402E1C-F085-4ED2-9195-65D2DD2F7A6B}.Release|Any CPU.Build.0 = Release|Any CPU
	EndGlobalSection
	GlobalSection(SolutionProperties) = preSolution
		HideSolutionNode = FALSE
	EndGlobalSection
	GlobalSection(NestedProjects) = preSolution
		{B67DEA62-859E-44BC-A841-3F35D17D5E77} = {A95E4C1C-4D7E-449C-9A51-85278FC07A4E}
		{1030BD3D-F01C-4A1E-8DF4-138F2463F3DB} = {A0EF7C58-D579-424B-8C9C-792CD2B95AB5}
		{76EE9EED-DCBF-4451-A17A-20C34384C67B} = {1030BD3D-F01C-4A1E-8DF4-138F2463F3DB}
		{22A07304-B5D5-47CC-98BE-2B46C9C02C46} = {FAA5AD24-1BF4-496D-93CE-41A762838A6E}
		{9808A95E-9393-430F-8D63-DA0E0C5297D9} = {A7B2F2F6-5BF0-4418-BA2A-9FBEA20A7086}
		{1498DB6D-C829-45FD-BEFF-F30F9EA3405C} = {77474FA7-3010-4774-AD37-28105B68DEE0}
		{8125FE5A-4A7F-4269-B628-85FC60893F87} = {A0EF7C58-D579-424B-8C9C-792CD2B95AB5}
		{E8402E1C-F085-4ED2-9195-65D2DD2F7A6B} = {8125FE5A-4A7F-4269-B628-85FC60893F87}
	EndGlobalSection
	GlobalSection(ExtensibilityGlobals) = postSolution
		SolutionGuid = {F52E1C13-5731-484A-89D9-134EC1345E6F}
	EndGlobalSection
EndGlobal
